
Microsoft Visual Studio Solution File, Format Version 12.00
# Visual Studio Version 17
VisualStudioVersion = 17.8.34309.116
MinimumVisualStudioVersion = 10.0.40219.1
Project("{FAE04EC0-301F-11D3-BF4B-00C04F79EFBC}") = "Desktoptale", "Desktoptale.csproj", "{CAA03776-528B-4362-A435-BA898207BC29}"
EndProject
Global
	GlobalSection(SolutionConfigurationPlatforms) = preSolution
		Debug|Any CPU = Debug|Any CPU
		Release|Any CPU = Release|Any CPU
	EndGlobalSection
	GlobalSection(ProjectConfigurationPlatforms) = postSolution
		{CAA03776-528B-4362-A435-BA898207BC29}.Debug|Any CPU.ActiveCfg = Debug|Any CPU
		{CAA03776-528B-4362-A435-BA898207BC29}.Debug|Any CPU.Build.0 = Debug|Any CPU
		{CAA03776-528B-4362-A435-BA898207BC29}.Release|Any CPU.ActiveCfg = Release|Any CPU
		{CAA03776-528B-4362-A435-BA898207BC29}.Release|Any CPU.Build.0 = Release|Any CPU
	EndGlobalSection
	GlobalSection(SolutionProperties) = preSolution
		HideSolutionNode = FALSE
	EndGlobalSection
	GlobalSection(ExtensibilityGlobals) = postSolution
		SolutionGuid = {6708CB1B-AC41-4423-B53C-197E8E9D0757}
	EndGlobalSection
EndGlobal
